
Microsoft Visual Studio Solution File, Format Version 12.00
# Visual Studio Version 16
VisualStudioVersion = 16.0.29411.108
MinimumVisualStudioVersion = 10.0.40219.1
Project("{FAE04EC0-301F-11D3-BF4B-00C04F79EFBC}") = "DerekCore3MVC_Contoso", "DerekCore3MVC_Contoso\DerekCore3MVC_Contoso.csproj", "{325BE21D-9F84-4F36-8134-4BB518DF8685}"
EndProject
Global
	GlobalSection(SolutionConfigurationPlatforms) = preSolution
		Debug|Any CPU = Debug|Any CPU
		Release|Any CPU = Release|Any CPU
	EndGlobalSection
	GlobalSection(ProjectConfigurationPlatforms) = postSolution
		{325BE21D-9F84-4F36-8134-4BB518DF8685}.Debug|Any CPU.ActiveCfg = Debug|Any CPU
		{325BE21D-9F84-4F36-8134-4BB518DF8685}.Debug|Any CPU.Build.0 = Debug|Any CPU
		{325BE21D-9F84-4F36-8134-4BB518DF8685}.Release|Any CPU.ActiveCfg = Release|Any CPU
		{325BE21D-9F84-4F36-8134-4BB518DF8685}.Release|Any CPU.Build.0 = Release|Any CPU
	EndGlobalSection
	GlobalSection(SolutionProperties) = preSolution
		HideSolutionNode = FALSE
	EndGlobalSection
	GlobalSection(ExtensibilityGlobals) = postSolution
		SolutionGuid = {A23AA667-12F6-4816-9E24-B48DA9FB9A9C}
	EndGlobalSection
EndGlobal
